
Microsoft Visual Studio Solution File, Format Version 12.00
# Visual Studio Version 17
VisualStudioVersion = 17.0.31903.59
MinimumVisualStudioVersion = 10.0.40219.1
Project("{FAE04EC0-301F-11D3-BF4B-00C04F79EFBC}") = "NotesApi", "NotesApi\NotesApi.csproj", "{936E099B-2BAC-4719-BABA-DD8C904C624F}"
EndProject
Project("{FAE04EC0-301F-11D3-BF4B-00C04F79EFBC}") = "NotesAppApi", "NotesAppApi\NotesAppApi.csproj", "{BB3040DE-2BB9-4D78-AC34-E024E4FDF016}"
EndProject
Global
	GlobalSection(SolutionConfigurationPlatforms) = preSolution
		Debug|Any CPU = Debug|Any CPU
		Release|Any CPU = Release|Any CPU
	EndGlobalSection
	GlobalSection(SolutionProperties) = preSolution
		HideSolutionNode = FALSE
	EndGlobalSection
	GlobalSection(ProjectConfigurationPlatforms) = postSolution
		{936E099B-2BAC-4719-BABA-DD8C904C624F}.Debug|Any CPU.ActiveCfg = Debug|Any CPU
		{936E099B-2BAC-4719-BABA-DD8C904C624F}.Debug|Any CPU.Build.0 = Debug|Any CPU
		{936E099B-2BAC-4719-BABA-DD8C904C624F}.Release|Any CPU.ActiveCfg = Release|Any CPU
		{936E099B-2BAC-4719-BABA-DD8C904C624F}.Release|Any CPU.Build.0 = Release|Any CPU
		{BB3040DE-2BB9-4D78-AC34-E024E4FDF016}.Debug|Any CPU.ActiveCfg = Debug|Any CPU
		{BB3040DE-2BB9-4D78-AC34-E024E4FDF016}.Debug|Any CPU.Build.0 = Debug|Any CPU
		{BB3040DE-2BB9-4D78-AC34-E024E4FDF016}.Release|Any CPU.ActiveCfg = Release|Any CPU
		{BB3040DE-2BB9-4D78-AC34-E024E4FDF016}.Release|Any CPU.Build.0 = Release|Any CPU
	EndGlobalSection
EndGlobal
